
Microsoft Visual Studio Solution File, Format Version 11.00
# Visual C# Express 2010
Project("{FAE04EC0-301F-11D3-BF4B-00C04F79EFBC}") = "Struct", "Struct\Struct.csproj", "{A4D6E71C-FF56-4530-9AC9-D3CEA0078A24}"
EndProject
Global
	GlobalSection(SolutionConfigurationPlatforms) = preSolution
		Debug|x86 = Debug|x86
		Release|x86 = Release|x86
	EndGlobalSection
	GlobalSection(ProjectConfigurationPlatforms) = postSolution
		{A4D6E71C-FF56-4530-9AC9-D3CEA0078A24}.Debug|x86.ActiveCfg = Debug|x86
		{A4D6E71C-FF56-4530-9AC9-D3CEA0078A24}.Debug|x86.Build.0 = Debug|x86
		{A4D6E71C-FF56-4530-9AC9-D3CEA0078A24}.Release|x86.ActiveCfg = Release|x86
		{A4D6E71C-FF56-4530-9AC9-D3CEA0078A24}.Release|x86.Build.0 = Release|x86
	EndGlobalSection
	GlobalSection(SolutionProperties) = preSolution
		HideSolutionNode = FALSE
	EndGlobalSection
EndGlobal
