
Microsoft Visual Studio Solution File, Format Version 11.00
# Visual C# Express 2010
Project("{FAE04EC0-301F-11D3-BF4B-00C04F79EFBC}") = "BinaryViewer", "BinaryViewer\BinaryViewer.csproj", "{0E949E7F-72BC-4CB6-A081-BC72459D2F2C}"
EndProject
Global
	GlobalSection(SolutionConfigurationPlatforms) = preSolution
		Debug|x86 = Debug|x86
		Release|x86 = Release|x86
	EndGlobalSection
	GlobalSection(ProjectConfigurationPlatforms) = postSolution
		{0E949E7F-72BC-4CB6-A081-BC72459D2F2C}.Debug|x86.ActiveCfg = Debug|x86
		{0E949E7F-72BC-4CB6-A081-BC72459D2F2C}.Debug|x86.Build.0 = Debug|x86
		{0E949E7F-72BC-4CB6-A081-BC72459D2F2C}.Release|x86.ActiveCfg = Release|x86
		{0E949E7F-72BC-4CB6-A081-BC72459D2F2C}.Release|x86.Build.0 = Release|x86
	EndGlobalSection
	GlobalSection(SolutionProperties) = preSolution
		HideSolutionNode = FALSE
	EndGlobalSection
EndGlobal
